
Microsoft Visual Studio Solution File, Format Version 12.00
# Visual Studio Version 16
VisualStudioVersion = 16.0.29230.47
MinimumVisualStudioVersion = 10.0.40219.1
Project("{FAE04EC0-301F-11D3-BF4B-00C04F79EFBC}") = "TwentyOne-ClassesAndObjects", "TwentyOne-ClassesAndObjects\TwentyOne-ClassesAndObjects.csproj", "{18A28416-7A77-4A07-8E6F-1F2CF7C59702}"
EndProject
Project("{FAE04EC0-301F-11D3-BF4B-00C04F79EFBC}") = "Casino", "Casino\Casino.csproj", "{7F81F931-4E4F-43B3-832A-1F95ED5D978E}"
EndProject
Global
	GlobalSection(SolutionConfigurationPlatforms) = preSolution
		Debug|Any CPU = Debug|Any CPU
		Release|Any CPU = Release|Any CPU
	EndGlobalSection
	GlobalSection(ProjectConfigurationPlatforms) = postSolution
		{18A28416-7A77-4A07-8E6F-1F2CF7C59702}.Debug|Any CPU.ActiveCfg = Debug|Any CPU
		{18A28416-7A77-4A07-8E6F-1F2CF7C59702}.Debug|Any CPU.Build.0 = Debug|Any CPU
		{18A28416-7A77-4A07-8E6F-1F2CF7C59702}.Release|Any CPU.ActiveCfg = Release|Any CPU
		{18A28416-7A77-4A07-8E6F-1F2CF7C59702}.Release|Any CPU.Build.0 = Release|Any CPU
		{7F81F931-4E4F-43B3-832A-1F95ED5D978E}.Debug|Any CPU.ActiveCfg = Debug|Any CPU
		{7F81F931-4E4F-43B3-832A-1F95ED5D978E}.Debug|Any CPU.Build.0 = Debug|Any CPU
		{7F81F931-4E4F-43B3-832A-1F95ED5D978E}.Release|Any CPU.ActiveCfg = Release|Any CPU
		{7F81F931-4E4F-43B3-832A-1F95ED5D978E}.Release|Any CPU.Build.0 = Release|Any CPU
	EndGlobalSection
	GlobalSection(SolutionProperties) = preSolution
		HideSolutionNode = FALSE
	EndGlobalSection
	GlobalSection(ExtensibilityGlobals) = postSolution
		SolutionGuid = {BE7DA53C-8376-4495-89BF-C371451BF3E9}
	EndGlobalSection
EndGlobal
